
Microsoft Visual Studio Solution File, Format Version 12.00
# Visual Studio Version 16
VisualStudioVersion = 16.0.30011.22
MinimumVisualStudioVersion = 10.0.40219.1
Project("{9A19103F-16F7-4668-BE54-9A1E7A4F7556}") = "MathSeer.UI", "MathSeer.UI\MathSeer.UI.csproj", "{BFADEFC9-10B1-4DC0-B126-7BCBDB34A165}"
	ProjectSection(ProjectDependencies) = postProject
		{E7C6BE92-6AA2-406D-B33F-AE5BFCAAB3A1} = {E7C6BE92-6AA2-406D-B33F-AE5BFCAAB3A1}
		{2BD28697-B1CE-492A-A455-EC579B7883E2} = {2BD28697-B1CE-492A-A455-EC579B7883E2}
	EndProjectSection
EndProject
Project("{9A19103F-16F7-4668-BE54-9A1E7A4F7556}") = "MathSeer.DataAccess", "MathSeer.DataAccess\MathSeer.DataAccess.csproj", "{E7C6BE92-6AA2-406D-B33F-AE5BFCAAB3A1}"
EndProject
Project("{6EC3EE1D-3C4E-46DD-8F32-0CC8E7565705}") = "MathSeer.MathFunctions", "MathSeer.MathFunctions\MathSeer.MathFunctions.fsproj", "{2BD28697-B1CE-492A-A455-EC579B7883E2}"
EndProject
Project("{FAE04EC0-301F-11D3-BF4B-00C04F79EFBC}") = "MathSeer.Learning", "MathSeer.Learning\MathSeer.Learning.csproj", "{2DFC4EFC-2A5D-4352-8431-D3E7BDD0680A}"
EndProject
Global
	GlobalSection(SolutionConfigurationPlatforms) = preSolution
		Debug|Any CPU = Debug|Any CPU
		Release|Any CPU = Release|Any CPU
	EndGlobalSection
	GlobalSection(ProjectConfigurationPlatforms) = postSolution
		{BFADEFC9-10B1-4DC0-B126-7BCBDB34A165}.Debug|Any CPU.ActiveCfg = Debug|Any CPU
		{BFADEFC9-10B1-4DC0-B126-7BCBDB34A165}.Debug|Any CPU.Build.0 = Debug|Any CPU
		{BFADEFC9-10B1-4DC0-B126-7BCBDB34A165}.Release|Any CPU.ActiveCfg = Release|Any CPU
		{BFADEFC9-10B1-4DC0-B126-7BCBDB34A165}.Release|Any CPU.Build.0 = Release|Any CPU
		{E7C6BE92-6AA2-406D-B33F-AE5BFCAAB3A1}.Debug|Any CPU.ActiveCfg = Debug|Any CPU
		{E7C6BE92-6AA2-406D-B33F-AE5BFCAAB3A1}.Debug|Any CPU.Build.0 = Debug|Any CPU
		{E7C6BE92-6AA2-406D-B33F-AE5BFCAAB3A1}.Release|Any CPU.ActiveCfg = Release|Any CPU
		{E7C6BE92-6AA2-406D-B33F-AE5BFCAAB3A1}.Release|Any CPU.Build.0 = Release|Any CPU
		{2BD28697-B1CE-492A-A455-EC579B7883E2}.Debug|Any CPU.ActiveCfg = Debug|Any CPU
		{2BD28697-B1CE-492A-A455-EC579B7883E2}.Debug|Any CPU.Build.0 = Debug|Any CPU
		{2BD28697-B1CE-492A-A455-EC579B7883E2}.Release|Any CPU.ActiveCfg = Release|Any CPU
		{2BD28697-B1CE-492A-A455-EC579B7883E2}.Release|Any CPU.Build.0 = Release|Any CPU
		{2DFC4EFC-2A5D-4352-8431-D3E7BDD0680A}.Debug|Any CPU.ActiveCfg = Debug|Any CPU
		{2DFC4EFC-2A5D-4352-8431-D3E7BDD0680A}.Debug|Any CPU.Build.0 = Debug|Any CPU
		{2DFC4EFC-2A5D-4352-8431-D3E7BDD0680A}.Release|Any CPU.ActiveCfg = Release|Any CPU
		{2DFC4EFC-2A5D-4352-8431-D3E7BDD0680A}.Release|Any CPU.Build.0 = Release|Any CPU
	EndGlobalSection
	GlobalSection(SolutionProperties) = preSolution
		HideSolutionNode = FALSE
	EndGlobalSection
	GlobalSection(ExtensibilityGlobals) = postSolution
		SolutionGuid = {7D476EC5-4E44-46F4-8CD7-13463613421F}
	EndGlobalSection
EndGlobal
